<?xml version="1.0" encoding="utf-8"?>
<Project ToolsVersion="4.0" xmlns="http://schemas.microsoft.com/developer/msbuild/2003">
  <ItemGroup>
    <Filter Include="Common">
      <UniqueIdentifier>d7f4f0f2-77f7-4f5d-9b29-983638e0fb54</UniqueIdentifier>
    </Filter>
    <Filter Include="Assets">
      <UniqueIdentifier>096f33a6-0985-438b-b51a-e5168438ec09</UniqueIdentifier>
      <Extensions>ico;cur;bmp;dds;dlg;fbx;rct;bin;rgs;gif;jpg;jpeg;jpe;resx;tga;tiff;tif;png;wav;mfcribbon-ms</Extensions>
    </Filter>
  </ItemGroup>
  <ItemGroup>
    <ClInclude Include="pch.h" />
    <ClInclude Include="Game.h" />
    <ClInclude Include="StepTimer.h">
      <Filter>Common</Filter>
    </ClInclude>
    <ClInclude Include="DeviceResources.h">
      <Filter>Common</Filter>
    </ClInclude>
    <ClInclude Include="Core\Camera.h" />
    <ClInclude Include="Core\Entity.h" />
    <ClInclude Include="Core\EntityManager.h" />
    <ClInclude Include="Core\Logger.h" />
    <ClInclude Include="Core\Physics\PhysicsEngine.h" />
    <ClInclude Include="Core\Physics\Layers.h" />
    <ClInclude Include="Core\TextureManager.h" />
    <ClInclude Include="GUI\imgui_impl_dx11.h" />
    <ClInclude Include="GUI\imgui_impl_win32.h" />
    <ClInclude Include="GUI\PhysicsWindow.h" />
    <ClInclude Include="GUI\EntityWindow.h" />
    <ClInclude Include="Core\ReadData.h" />
    <ClInclude Include="Core\Pipelines\ShadowMapPipeline.h" />
    <ClInclude Include="Core\Pipelines\IRenderPipeline.h" />
    <ClInclude Include="Core\Rendering\DirectionalLight.h" />
    <ClInclude Include="Core\Pipelines\PBRPipeline.h" />
    <ClInclude Include="Core\Rendering\RenderTexture.h" />
    <ClInclude Include="Core\Rendering\BloomProcessor.h" />
    <ClInclude Include="Core\Pipelines\SkyDomePipeline.h" />
    <ClInclude Include="Core\Rendering\CubeMap.h" />
    <ClInclude Include="Core\Rendering\IDrawable.h" />
    <ClInclude Include="Core\Pipelines\WaterPipeline.h" />
    <ClInclude Include="GUI\RenderingWindow.h" />
    <ClInclude Include="Core\Rendering\GeometricPrimitive.h" />
    <ClInclude Include="GUI\PerformanceWindow.h" />
    <ClInclude Include="Core\Parameters.h" />
    <ClInclude Include="Core\Rendering\PointLight.h" />
  </ItemGroup>
  <ItemGroup>
    <ClCompile Include="pch.cpp" />
    <ClCompile Include="Game.cpp" />
    <ClCompile Include="Main.cpp" />
    <ClCompile Include="DeviceResources.cpp">
      <Filter>Common</Filter>
    </ClCompile>
    <ClCompile Include="Core\Camera.cpp" />
    <ClCompile Include="Core\Entity.cpp" />
    <ClCompile Include="Core\EntityManager.cpp" />
    <ClCompile Include="Core\Logger.cpp" />
    <ClCompile Include="Core\Physics\PhysicsEngine.cpp" />
    <ClCompile Include="Core\TextureManager.cpp" />
    <ClCompile Include="GUI\imgui_impl_dx11.cpp" />
    <ClCompile Include="GUI\imgui_impl_win32.cpp" />
    <ClCompile Include="GUI\PhysicsWindow.cpp" />
    <ClCompile Include="GUI\EntityWindow.cpp" />
    <ClCompile Include="Core\Pipelines\ShadowMapPipeline.cpp" />
    <ClCompile Include="Core\Rendering\DirectionalLight.cpp" />
    <ClCompile Include="Core\Pipelines\PBRPipeline.cpp" />
    <ClCompile Include="Core\Rendering\RenderTexture.cpp" />
    <ClCompile Include="Core\Rendering\BloomProcessor.cpp" />
    <ClCompile Include="Core\Pipelines\SkyDomePipeline.cpp" />
    <ClCompile Include="Core\Rendering\CubeMap.cpp" />
    <ClCompile Include="Core\Pipelines\IRenderPipeline.cpp" />
    <ClCompile Include="Core\Pipelines\WaterPipeline.cpp" />
    <ClCompile Include="GUI\RenderingWindow.cpp" />
    <ClCompile Include="Core\Rendering\GeometricPrimitive.cpp" />
    <ClCompile Include="GUI\PerformanceWindow.cpp" />
  </ItemGroup>
  <ItemGroup>
    <ResourceCompile Include="resource.rc" />
  </ItemGroup>
  <ItemGroup>
    <Image Include="directx.ico">
      <Filter>Assets</Filter>
    </Image>
    <Image Include="Assets\BasketballColor.jpg">
      <Filter>Assets</Filter>
    </Image>
    <Image Include="Assets\CobbleAO.bmp">
      <Filter>Assets</Filter>
    </Image>
    <Image Include="Assets\CobbleDiffuse.bmp">
      <Filter>Assets</Filter>
    </Image>
    <Image Include="Assets\CobbleNormal.bmp">
      <Filter>Assets</Filter>
    </Image>
    <Image Include="Assets\DefaultMetalness.bmp">
      <Filter>Assets</Filter>
    </Image>
    <Image Include="Assets\DefaultNormalMap.png">
      <Filter>Assets</Filter>
    </Image>
    <Image Include="Assets\DefaultTexture.png">
      <Filter>Assets</Filter>
    </Image>
    <Image Include="Assets\Metal_Floor_01_ambientocclusion.jpg">
      <Filter>Assets</Filter>
    </Image>
    <Image Include="Assets\Metal_Floor_01_basecolor.jpg">
      <Filter>Assets</Filter>
    </Image>
    <Image Include="Assets\Metal_Floor_01_metallic.jpg">
      <Filter>Assets</Filter>
    </Image>
    <Image Include="Assets\Metal_Floor_01_normal.jpg">
      <Filter>Assets</Filter>
    </Image>
    <Image Include="Assets\Metal_Floor_01_roughness.jpg">
      <Filter>Assets</Filter>
    </Image>
    <Image Include="Assets\Metal_Semirough_01_ambientocclusion.jpg">
      <Filter>Assets</Filter>
    </Image>
    <Image Include="Assets\Metal_Semirough_01_basecolor.jpg">
      <Filter>Assets</Filter>
    </Image>
    <Image Include="Assets\Metal_Semirough_01_metallic.jpg">
      <Filter>Assets</Filter>
    </Image>
    <Image Include="Assets\Metal_Semirough_01_normal.jpg">
      <Filter>Assets</Filter>
    </Image>
    <Image Include="Assets\Metal_Semirough_01_roughness.jpg">
      <Filter>Assets</Filter>
    </Image>
    <Image Include="Assets\SoftballColor.jpg">
      <Filter>Assets</Filter>
    </Image>
    <Image Include="Assets\TilesAO.jpg">
      <Filter>Assets</Filter>
    </Image>
    <Image Include="Assets\TilesDiffuse.jpg">
      <Filter>Assets</Filter>
    </Image>
    <Image Include="Assets\TilesMetalness.jpg">
      <Filter>Assets</Filter>
    </Image>
    <Image Include="Assets\TilesNormal.jpg">
      <Filter>Assets</Filter>
    </Image>
    <Image Include="Assets\TilesRoughness.jpg">
      <Filter>Assets</Filter>
    </Image>
    <Image Include="Assets\Tiles_Decorative_06_ambientocclusion.jpg">
      <Filter>Assets</Filter>
    </Image>
    <Image Include="Assets\Tiles_Decorative_06_basecolor.jpg">
      <Filter>Assets</Filter>
    </Image>
    <Image Include="Assets\Tiles_Decorative_06_metallic.jpg">
      <Filter>Assets</Filter>
    </Image>
    <Image Include="Assets\Tiles_Decorative_06_normal.jpg">
      <Filter>Assets</Filter>
    </Image>
    <Image Include="Assets\Tiles_Decorative_06_roughness.jpg">
      <Filter>Assets</Filter>
    </Image>
    <Image Include="Assets\Wood_Crate_001_ambientOcclusion.jpg">
      <Filter>Assets</Filter>
    </Image>
    <Image Include="Assets\Wood_Crate_001_basecolor.jpg">
      <Filter>Assets</Filter>
    </Image>
    <Image Include="Assets\Wood_Crate_001_normal.jpg">
      <Filter>Assets</Filter>
    </Image>
    <Image Include="Assets\Wood_Crate_001_roughness.jpg">
      <Filter>Assets</Filter>
    </Image>
    <Image Include="Assets\Metal_Ornament_01_ambientocclusion.jpg">
      <Filter>Assets</Filter>
    </Image>
    <Image Include="Assets\Metal_Ornament_01_basecolor.jpg">
      <Filter>Assets</Filter>
    </Image>
    <Image Include="Assets\Metal_Ornament_01_metallic.jpg">
      <Filter>Assets</Filter>
    </Image>
    <Image Include="Assets\Metal_Ornament_01_normal.jpg">
      <Filter>Assets</Filter>
    </Image>
    <Image Include="Assets\Metal_Ornament_01_roughness.jpg">
      <Filter>Assets</Filter>
    </Image>
    <Image Include="Assets\Ground_Leaves_01_ambientocclusion.jpg">
      <Filter>Assets</Filter>
    </Image>
    <Image Include="Assets\Ground_Leaves_01_basecolor.jpg">
      <Filter>Assets</Filter>
    </Image>
    <Image Include="Assets\Ground_Leaves_01_metallic.jpg">
      <Filter>Assets</Filter>
    </Image>
    <Image Include="Assets\Ground_Leaves_01_normal.jpg">
      <Filter>Assets</Filter>
    </Image>
    <Image Include="Assets\Ground_Leaves_01_roughness.jpg">
      <Filter>Assets</Filter>
    </Image>
  </ItemGroup>
  <ItemGroup>
    <Manifest Include="settings.manifest">
      <Filter>Assets</Filter>
    </Manifest>
  </ItemGroup>
  <ItemGroup>
    <None Include="vcpkg.json" />
    <None Include="vcpkg-configuration.json" />
    <None Include=".gitignore" />
    <None Include="README.md" />
    <None Include="ImportTex.ps1" />
    <None Include="Core\Shaders\NormalMapping.hlsli" />
    <None Include="Core\Shaders\ShadowMapping.hlsli" />
    <None Include="Core\Shaders\LightStructs.hlsli" />
    <None Include="Core\Shaders\PBRLighting.hlsli" />
    <None Include="Core\Shaders\WaterWaves.hlsli" />
  </ItemGroup>
  <ItemGroup>
    <FxCompile Include="Core\Shaders\ACESTonemapper_PS.hlsl" />
    <FxCompile Include="Core\Shaders\AdditiveBlend_PS.hlsl" />
    <FxCompile Include="Core\Shaders\BrightnessFilter_PS.hlsl" />
    <FxCompile Include="Core\Shaders\PBR_PS.hlsl" />
    <FxCompile Include="Core\Shaders\WVP_VS.hlsl" />
    <FxCompile Include="Core\Shaders\Skydome_VS.hlsl" />
    <FxCompile Include="Core\Shaders\Skydome_PS.hlsl" />
    <FxCompile Include="Core\Shaders\GaussianHorizontal_PS.hlsl" />
    <FxCompile Include="Core\Shaders\GaussianVertical_PS.hlsl" />
    <FxCompile Include="Core\Shaders\Water_HS.hlsl" />
    <FxCompile Include="Core\Shaders\Water_DS.hlsl" />
    <FxCompile Include="Core\Shaders\Passthrough_VS.hlsl" />
    <FxCompile Include="Core\Shaders\Water_PS.hlsl" />
    <FxCompile Include="Core\Shaders\Water_VS.hlsl" />
  </ItemGroup>
</Project>